
Microsoft Visual Studio Solution File, Format Version 12.00
# Visual Studio Version 16
VisualStudioVersion = 16.0.31129.286
MinimumVisualStudioVersion = 10.0.40219.1
Project("{FAE04EC0-301F-11D3-BF4B-00C04F79EFBC}") = "IFBasic", "IFBasic\IFBasic.csproj", "{80FC341E-6A43-41CA-A7FB-D7B56178E43F}"
EndProject
Global
	GlobalSection(SolutionConfigurationPlatforms) = preSolution
		Debug|Any CPU = Debug|Any CPU
		Release|Any CPU = Release|Any CPU
	EndGlobalSection
	GlobalSection(ProjectConfigurationPlatforms) = postSolution
		{80FC341E-6A43-41CA-A7FB-D7B56178E43F}.Debug|Any CPU.ActiveCfg = Debug|Any CPU
		{80FC341E-6A43-41CA-A7FB-D7B56178E43F}.Debug|Any CPU.Build.0 = Debug|Any CPU
		{80FC341E-6A43-41CA-A7FB-D7B56178E43F}.Release|Any CPU.ActiveCfg = Release|Any CPU
		{80FC341E-6A43-41CA-A7FB-D7B56178E43F}.Release|Any CPU.Build.0 = Release|Any CPU
	EndGlobalSection
	GlobalSection(SolutionProperties) = preSolution
		HideSolutionNode = FALSE
	EndGlobalSection
	GlobalSection(ExtensibilityGlobals) = postSolution
		SolutionGuid = {665EEC77-A7D4-4539-89B4-0AB43A8B0950}
	EndGlobalSection
EndGlobal
