
Microsoft Visual Studio Solution File, Format Version 12.00
# Visual Studio Version 16
VisualStudioVersion = 16.0.31129.286
MinimumVisualStudioVersion = 10.0.40219.1
Project("{FAE04EC0-301F-11D3-BF4B-00C04F79EFBC}") = "Treeviewdemo", "Treeviewdemo\Treeviewdemo.csproj", "{E59E2628-E766-41DE-8A60-541BB5A79AB1}"
EndProject
Global
	GlobalSection(SolutionConfigurationPlatforms) = preSolution
		Debug|Any CPU = Debug|Any CPU
		Release|Any CPU = Release|Any CPU
	EndGlobalSection
	GlobalSection(ProjectConfigurationPlatforms) = postSolution
		{E59E2628-E766-41DE-8A60-541BB5A79AB1}.Debug|Any CPU.ActiveCfg = Debug|Any CPU
		{E59E2628-E766-41DE-8A60-541BB5A79AB1}.Debug|Any CPU.Build.0 = Debug|Any CPU
		{E59E2628-E766-41DE-8A60-541BB5A79AB1}.Release|Any CPU.ActiveCfg = Release|Any CPU
		{E59E2628-E766-41DE-8A60-541BB5A79AB1}.Release|Any CPU.Build.0 = Release|Any CPU
	EndGlobalSection
	GlobalSection(SolutionProperties) = preSolution
		HideSolutionNode = FALSE
	EndGlobalSection
	GlobalSection(ExtensibilityGlobals) = postSolution
		SolutionGuid = {4CD17747-E3FD-4DA8-AA9A-6A2AA21BC766}
	EndGlobalSection
EndGlobal
